
Microsoft Visual Studio Solution File, Format Version 12.00
# Visual Studio Version 17
VisualStudioVersion = 17.0.31903.59
MinimumVisualStudioVersion = 10.0.40219.1
Project("{2150E333-8FDC-42A3-9474-1A3956D46DE8}") = "src", "src", "{827E0CD3-B72D-47B6-A68D-7590B98EB39B}"
EndProject
Project("{FAE04EC0-301F-11D3-BF4B-00C04F79EFBC}") = "ShackStack.Desktop", "src\ShackStack.Desktop\ShackStack.Desktop.csproj", "{3E703331-5C9D-4218-9DDA-FB25F0676376}"
EndProject
Project("{FAE04EC0-301F-11D3-BF4B-00C04F79EFBC}") = "ShackStack.UI", "src\ShackStack.UI\ShackStack.UI.csproj", "{E9453DA9-76BD-42BC-B27B-6BA015A8E7CB}"
EndProject
Project("{FAE04EC0-301F-11D3-BF4B-00C04F79EFBC}") = "ShackStack.Core", "src\ShackStack.Core\ShackStack.Core.csproj", "{DE954DA8-45C5-4A1F-86A1-41445DEC8F56}"
EndProject
Project("{FAE04EC0-301F-11D3-BF4B-00C04F79EFBC}") = "ShackStack.Core.Abstractions", "src\ShackStack.Core.Abstractions\ShackStack.Core.Abstractions.csproj", "{48525E2F-2853-484E-9D1E-18822391A55A}"
EndProject
Project("{FAE04EC0-301F-11D3-BF4B-00C04F79EFBC}") = "ShackStack.Infrastructure.Radio", "src\ShackStack.Infrastructure.Radio\ShackStack.Infrastructure.Radio.csproj", "{90486CF0-8D1F-45E4-8F1D-F82EC8E205C1}"
EndProject
Project("{FAE04EC0-301F-11D3-BF4B-00C04F79EFBC}") = "ShackStack.Infrastructure.Audio", "src\ShackStack.Infrastructure.Audio\ShackStack.Infrastructure.Audio.csproj", "{D5CA2A27-1BFB-405E-909D-1B17163FFD92}"
EndProject
Project("{FAE04EC0-301F-11D3-BF4B-00C04F79EFBC}") = "ShackStack.Infrastructure.Waterfall", "src\ShackStack.Infrastructure.Waterfall\ShackStack.Infrastructure.Waterfall.csproj", "{7C718813-A8C7-4D6F-8C4F-DB96859983CA}"
EndProject
Project("{FAE04EC0-301F-11D3-BF4B-00C04F79EFBC}") = "ShackStack.Infrastructure.Interop", "src\ShackStack.Infrastructure.Interop\ShackStack.Infrastructure.Interop.csproj", "{9B7E2520-C141-4E67-AEF9-E60D668C1364}"
EndProject
Project("{FAE04EC0-301F-11D3-BF4B-00C04F79EFBC}") = "ShackStack.Infrastructure.Decoders", "src\ShackStack.Infrastructure.Decoders\ShackStack.Infrastructure.Decoders.csproj", "{DD172353-6974-42A8-8E7B-A03A0B618BFA}"
EndProject
Project("{FAE04EC0-301F-11D3-BF4B-00C04F79EFBC}") = "ShackStack.Infrastructure.Configuration", "src\ShackStack.Infrastructure.Configuration\ShackStack.Infrastructure.Configuration.csproj", "{A60378E8-08A1-4F41-866B-E2D2EA6EF044}"
EndProject
Project("{FAE04EC0-301F-11D3-BF4B-00C04F79EFBC}") = "ShackStack.DecoderHost.GplWsjtx", "src\ShackStack.DecoderHost.GplWsjtx\ShackStack.DecoderHost.GplWsjtx.csproj", "{28F77BA6-47F3-4149-842B-34671C93D299}"
EndProject
Project("{FAE04EC0-301F-11D3-BF4B-00C04F79EFBC}") = "ShackStack.DecoderHost.Sstv", "src\ShackStack.DecoderHost.Sstv\ShackStack.DecoderHost.Sstv.csproj", "{E00D3A14-E125-4ADB-AE42-D6B9957A5BEA}"
EndProject
Project("{FAE04EC0-301F-11D3-BF4B-00C04F79EFBC}") = "ShackStack.DecoderHost.Sstv.Harness", "src\ShackStack.DecoderHost.Sstv.Harness\ShackStack.DecoderHost.Sstv.Harness.csproj", "{D9AA8664-9474-4F53-887C-D66F33A2CD9F}"
EndProject
Project("{FAE04EC0-301F-11D3-BF4B-00C04F79EFBC}") = "ShackStack.DecoderHost.GplFldigiRtty", "src\ShackStack.DecoderHost.GplFldigiRtty\ShackStack.DecoderHost.GplFldigiRtty.csproj", "{739336C5-9FE2-43DC-93B6-351CC7C5BB91}"
EndProject
Project("{FAE04EC0-301F-11D3-BF4B-00C04F79EFBC}") = "ShackStack.DecoderHost.GplFldigiPsk", "src\ShackStack.DecoderHost.GplFldigiPsk\ShackStack.DecoderHost.GplFldigiPsk.csproj", "{3645BFCD-37B6-44C3-834D-B0A684465CD3}"
EndProject
Project("{FAE04EC0-301F-11D3-BF4B-00C04F79EFBC}") = "ShackStack.DecoderHost.GplCodec2Freedv", "src\ShackStack.DecoderHost.GplCodec2Freedv\ShackStack.DecoderHost.GplCodec2Freedv.csproj", "{14BED788-3AF3-4038-AE4A-CD8DBFC1D38E}"
EndProject
Global
	GlobalSection(SolutionConfigurationPlatforms) = preSolution
		Debug|Any CPU = Debug|Any CPU
		Debug|x64 = Debug|x64
		Debug|x86 = Debug|x86
		Release|Any CPU = Release|Any CPU
		Release|x64 = Release|x64
		Release|x86 = Release|x86
	EndGlobalSection
	GlobalSection(ProjectConfigurationPlatforms) = postSolution
		{3E703331-5C9D-4218-9DDA-FB25F0676376}.Debug|Any CPU.ActiveCfg = Debug|Any CPU
		{3E703331-5C9D-4218-9DDA-FB25F0676376}.Debug|Any CPU.Build.0 = Debug|Any CPU
		{3E703331-5C9D-4218-9DDA-FB25F0676376}.Debug|x64.ActiveCfg = Debug|Any CPU
		{3E703331-5C9D-4218-9DDA-FB25F0676376}.Debug|x64.Build.0 = Debug|Any CPU
		{3E703331-5C9D-4218-9DDA-FB25F0676376}.Debug|x86.ActiveCfg = Debug|Any CPU
		{3E703331-5C9D-4218-9DDA-FB25F0676376}.Debug|x86.Build.0 = Debug|Any CPU
		{3E703331-5C9D-4218-9DDA-FB25F0676376}.Release|Any CPU.ActiveCfg = Release|Any CPU
		{3E703331-5C9D-4218-9DDA-FB25F0676376}.Release|Any CPU.Build.0 = Release|Any CPU
		{3E703331-5C9D-4218-9DDA-FB25F0676376}.Release|x64.ActiveCfg = Release|Any CPU
		{3E703331-5C9D-4218-9DDA-FB25F0676376}.Release|x64.Build.0 = Release|Any CPU
		{3E703331-5C9D-4218-9DDA-FB25F0676376}.Release|x86.ActiveCfg = Release|Any CPU
		{3E703331-5C9D-4218-9DDA-FB25F0676376}.Release|x86.Build.0 = Release|Any CPU
		{E9453DA9-76BD-42BC-B27B-6BA015A8E7CB}.Debug|Any CPU.ActiveCfg = Debug|Any CPU
		{E9453DA9-76BD-42BC-B27B-6BA015A8E7CB}.Debug|Any CPU.Build.0 = Debug|Any CPU
		{E9453DA9-76BD-42BC-B27B-6BA015A8E7CB}.Debug|x64.ActiveCfg = Debug|Any CPU
		{E9453DA9-76BD-42BC-B27B-6BA015A8E7CB}.Debug|x64.Build.0 = Debug|Any CPU
		{E9453DA9-76BD-42BC-B27B-6BA015A8E7CB}.Debug|x86.ActiveCfg = Debug|Any CPU
		{E9453DA9-76BD-42BC-B27B-6BA015A8E7CB}.Debug|x86.Build.0 = Debug|Any CPU
		{E9453DA9-76BD-42BC-B27B-6BA015A8E7CB}.Release|Any CPU.ActiveCfg = Release|Any CPU
		{E9453DA9-76BD-42BC-B27B-6BA015A8E7CB}.Release|Any CPU.Build.0 = Release|Any CPU
		{E9453DA9-76BD-42BC-B27B-6BA015A8E7CB}.Release|x64.ActiveCfg = Release|Any CPU
		{E9453DA9-76BD-42BC-B27B-6BA015A8E7CB}.Release|x64.Build.0 = Release|Any CPU
		{E9453DA9-76BD-42BC-B27B-6BA015A8E7CB}.Release|x86.ActiveCfg = Release|Any CPU
		{E9453DA9-76BD-42BC-B27B-6BA015A8E7CB}.Release|x86.Build.0 = Release|Any CPU
		{DE954DA8-45C5-4A1F-86A1-41445DEC8F56}.Debug|Any CPU.ActiveCfg = Debug|Any CPU
		{DE954DA8-45C5-4A1F-86A1-41445DEC8F56}.Debug|Any CPU.Build.0 = Debug|Any CPU
		{DE954DA8-45C5-4A1F-86A1-41445DEC8F56}.Debug|x64.ActiveCfg = Debug|Any CPU
		{DE954DA8-45C5-4A1F-86A1-41445DEC8F56}.Debug|x64.Build.0 = Debug|Any CPU
		{DE954DA8-45C5-4A1F-86A1-41445DEC8F56}.Debug|x86.ActiveCfg = Debug|Any CPU
		{DE954DA8-45C5-4A1F-86A1-41445DEC8F56}.Debug|x86.Build.0 = Debug|Any CPU
		{DE954DA8-45C5-4A1F-86A1-41445DEC8F56}.Release|Any CPU.ActiveCfg = Release|Any CPU
		{DE954DA8-45C5-4A1F-86A1-41445DEC8F56}.Release|Any CPU.Build.0 = Release|Any CPU
		{DE954DA8-45C5-4A1F-86A1-41445DEC8F56}.Release|x64.ActiveCfg = Release|Any CPU
		{DE954DA8-45C5-4A1F-86A1-41445DEC8F56}.Release|x64.Build.0 = Release|Any CPU
		{DE954DA8-45C5-4A1F-86A1-41445DEC8F56}.Release|x86.ActiveCfg = Release|Any CPU
		{DE954DA8-45C5-4A1F-86A1-41445DEC8F56}.Release|x86.Build.0 = Release|Any CPU
		{48525E2F-2853-484E-9D1E-18822391A55A}.Debug|Any CPU.ActiveCfg = Debug|Any CPU
		{48525E2F-2853-484E-9D1E-18822391A55A}.Debug|Any CPU.Build.0 = Debug|Any CPU
		{48525E2F-2853-484E-9D1E-18822391A55A}.Debug|x64.ActiveCfg = Debug|Any CPU
		{48525E2F-2853-484E-9D1E-18822391A55A}.Debug|x64.Build.0 = Debug|Any CPU
		{48525E2F-2853-484E-9D1E-18822391A55A}.Debug|x86.ActiveCfg = Debug|Any CPU
		{48525E2F-2853-484E-9D1E-18822391A55A}.Debug|x86.Build.0 = Debug|Any CPU
		{48525E2F-2853-484E-9D1E-18822391A55A}.Release|Any CPU.ActiveCfg = Release|Any CPU
		{48525E2F-2853-484E-9D1E-18822391A55A}.Release|Any CPU.Build.0 = Release|Any CPU
		{48525E2F-2853-484E-9D1E-18822391A55A}.Release|x64.ActiveCfg = Release|Any CPU
		{48525E2F-2853-484E-9D1E-18822391A55A}.Release|x64.Build.0 = Release|Any CPU
		{48525E2F-2853-484E-9D1E-18822391A55A}.Release|x86.ActiveCfg = Release|Any CPU
		{48525E2F-2853-484E-9D1E-18822391A55A}.Release|x86.Build.0 = Release|Any CPU
		{90486CF0-8D1F-45E4-8F1D-F82EC8E205C1}.Debug|Any CPU.ActiveCfg = Debug|Any CPU
		{90486CF0-8D1F-45E4-8F1D-F82EC8E205C1}.Debug|Any CPU.Build.0 = Debug|Any CPU
		{90486CF0-8D1F-45E4-8F1D-F82EC8E205C1}.Debug|x64.ActiveCfg = Debug|Any CPU
		{90486CF0-8D1F-45E4-8F1D-F82EC8E205C1}.Debug|x64.Build.0 = Debug|Any CPU
		{90486CF0-8D1F-45E4-8F1D-F82EC8E205C1}.Debug|x86.ActiveCfg = Debug|Any CPU
		{90486CF0-8D1F-45E4-8F1D-F82EC8E205C1}.Debug|x86.Build.0 = Debug|Any CPU
		{90486CF0-8D1F-45E4-8F1D-F82EC8E205C1}.Release|Any CPU.ActiveCfg = Release|Any CPU
		{90486CF0-8D1F-45E4-8F1D-F82EC8E205C1}.Release|Any CPU.Build.0 = Release|Any CPU
		{90486CF0-8D1F-45E4-8F1D-F82EC8E205C1}.Release|x64.ActiveCfg = Release|Any CPU
		{90486CF0-8D1F-45E4-8F1D-F82EC8E205C1}.Release|x64.Build.0 = Release|Any CPU
		{90486CF0-8D1F-45E4-8F1D-F82EC8E205C1}.Release|x86.ActiveCfg = Release|Any CPU
		{90486CF0-8D1F-45E4-8F1D-F82EC8E205C1}.Release|x86.Build.0 = Release|Any CPU
		{D5CA2A27-1BFB-405E-909D-1B17163FFD92}.Debug|Any CPU.ActiveCfg = Debug|Any CPU
		{D5CA2A27-1BFB-405E-909D-1B17163FFD92}.Debug|Any CPU.Build.0 = Debug|Any CPU
		{D5CA2A27-1BFB-405E-909D-1B17163FFD92}.Debug|x64.ActiveCfg = Debug|Any CPU
		{D5CA2A27-1BFB-405E-909D-1B17163FFD92}.Debug|x64.Build.0 = Debug|Any CPU
		{D5CA2A27-1BFB-405E-909D-1B17163FFD92}.Debug|x86.ActiveCfg = Debug|Any CPU
		{D5CA2A27-1BFB-405E-909D-1B17163FFD92}.Debug|x86.Build.0 = Debug|Any CPU
		{D5CA2A27-1BFB-405E-909D-1B17163FFD92}.Release|Any CPU.ActiveCfg = Release|Any CPU
		{D5CA2A27-1BFB-405E-909D-1B17163FFD92}.Release|Any CPU.Build.0 = Release|Any CPU
		{D5CA2A27-1BFB-405E-909D-1B17163FFD92}.Release|x64.ActiveCfg = Release|Any CPU
		{D5CA2A27-1BFB-405E-909D-1B17163FFD92}.Release|x64.Build.0 = Release|Any CPU
		{D5CA2A27-1BFB-405E-909D-1B17163FFD92}.Release|x86.ActiveCfg = Release|Any CPU
		{D5CA2A27-1BFB-405E-909D-1B17163FFD92}.Release|x86.Build.0 = Release|Any CPU
		{7C718813-A8C7-4D6F-8C4F-DB96859983CA}.Debug|Any CPU.ActiveCfg = Debug|Any CPU
		{7C718813-A8C7-4D6F-8C4F-DB96859983CA}.Debug|Any CPU.Build.0 = Debug|Any CPU
		{7C718813-A8C7-4D6F-8C4F-DB96859983CA}.Debug|x64.ActiveCfg = Debug|Any CPU
		{7C718813-A8C7-4D6F-8C4F-DB96859983CA}.Debug|x64.Build.0 = Debug|Any CPU
		{7C718813-A8C7-4D6F-8C4F-DB96859983CA}.Debug|x86.ActiveCfg = Debug|Any CPU
		{7C718813-A8C7-4D6F-8C4F-DB96859983CA}.Debug|x86.Build.0 = Debug|Any CPU
		{7C718813-A8C7-4D6F-8C4F-DB96859983CA}.Release|Any CPU.ActiveCfg = Release|Any CPU
		{7C718813-A8C7-4D6F-8C4F-DB96859983CA}.Release|Any CPU.Build.0 = Release|Any CPU
		{7C718813-A8C7-4D6F-8C4F-DB96859983CA}.Release|x64.ActiveCfg = Release|Any CPU
		{7C718813-A8C7-4D6F-8C4F-DB96859983CA}.Release|x64.Build.0 = Release|Any CPU
		{7C718813-A8C7-4D6F-8C4F-DB96859983CA}.Release|x86.ActiveCfg = Release|Any CPU
		{7C718813-A8C7-4D6F-8C4F-DB96859983CA}.Release|x86.Build.0 = Release|Any CPU
		{9B7E2520-C141-4E67-AEF9-E60D668C1364}.Debug|Any CPU.ActiveCfg = Debug|Any CPU
		{9B7E2520-C141-4E67-AEF9-E60D668C1364}.Debug|Any CPU.Build.0 = Debug|Any CPU
		{9B7E2520-C141-4E67-AEF9-E60D668C1364}.Debug|x64.ActiveCfg = Debug|Any CPU
		{9B7E2520-C141-4E67-AEF9-E60D668C1364}.Debug|x64.Build.0 = Debug|Any CPU
		{9B7E2520-C141-4E67-AEF9-E60D668C1364}.Debug|x86.ActiveCfg = Debug|Any CPU
		{9B7E2520-C141-4E67-AEF9-E60D668C1364}.Debug|x86.Build.0 = Debug|Any CPU
		{9B7E2520-C141-4E67-AEF9-E60D668C1364}.Release|Any CPU.ActiveCfg = Release|Any CPU
		{9B7E2520-C141-4E67-AEF9-E60D668C1364}.Release|Any CPU.Build.0 = Release|Any CPU
		{9B7E2520-C141-4E67-AEF9-E60D668C1364}.Release|x64.ActiveCfg = Release|Any CPU
		{9B7E2520-C141-4E67-AEF9-E60D668C1364}.Release|x64.Build.0 = Release|Any CPU
		{9B7E2520-C141-4E67-AEF9-E60D668C1364}.Release|x86.ActiveCfg = Release|Any CPU
		{9B7E2520-C141-4E67-AEF9-E60D668C1364}.Release|x86.Build.0 = Release|Any CPU
		{DD172353-6974-42A8-8E7B-A03A0B618BFA}.Debug|Any CPU.ActiveCfg = Debug|Any CPU
		{DD172353-6974-42A8-8E7B-A03A0B618BFA}.Debug|Any CPU.Build.0 = Debug|Any CPU
		{DD172353-6974-42A8-8E7B-A03A0B618BFA}.Debug|x64.ActiveCfg = Debug|Any CPU
		{DD172353-6974-42A8-8E7B-A03A0B618BFA}.Debug|x64.Build.0 = Debug|Any CPU
		{DD172353-6974-42A8-8E7B-A03A0B618BFA}.Debug|x86.ActiveCfg = Debug|Any CPU
		{DD172353-6974-42A8-8E7B-A03A0B618BFA}.Debug|x86.Build.0 = Debug|Any CPU
		{DD172353-6974-42A8-8E7B-A03A0B618BFA}.Release|Any CPU.ActiveCfg = Release|Any CPU
		{DD172353-6974-42A8-8E7B-A03A0B618BFA}.Release|Any CPU.Build.0 = Release|Any CPU
		{DD172353-6974-42A8-8E7B-A03A0B618BFA}.Release|x64.ActiveCfg = Release|Any CPU
		{DD172353-6974-42A8-8E7B-A03A0B618BFA}.Release|x64.Build.0 = Release|Any CPU
		{DD172353-6974-42A8-8E7B-A03A0B618BFA}.Release|x86.ActiveCfg = Release|Any CPU
		{DD172353-6974-42A8-8E7B-A03A0B618BFA}.Release|x86.Build.0 = Release|Any CPU
		{A60378E8-08A1-4F41-866B-E2D2EA6EF044}.Debug|Any CPU.ActiveCfg = Debug|Any CPU
		{A60378E8-08A1-4F41-866B-E2D2EA6EF044}.Debug|Any CPU.Build.0 = Debug|Any CPU
		{A60378E8-08A1-4F41-866B-E2D2EA6EF044}.Debug|x64.ActiveCfg = Debug|Any CPU
		{A60378E8-08A1-4F41-866B-E2D2EA6EF044}.Debug|x64.Build.0 = Debug|Any CPU
		{A60378E8-08A1-4F41-866B-E2D2EA6EF044}.Debug|x86.ActiveCfg = Debug|Any CPU
		{A60378E8-08A1-4F41-866B-E2D2EA6EF044}.Debug|x86.Build.0 = Debug|Any CPU
		{A60378E8-08A1-4F41-866B-E2D2EA6EF044}.Release|Any CPU.ActiveCfg = Release|Any CPU
		{A60378E8-08A1-4F41-866B-E2D2EA6EF044}.Release|Any CPU.Build.0 = Release|Any CPU
		{A60378E8-08A1-4F41-866B-E2D2EA6EF044}.Release|x64.ActiveCfg = Release|Any CPU
		{A60378E8-08A1-4F41-866B-E2D2EA6EF044}.Release|x64.Build.0 = Release|Any CPU
		{A60378E8-08A1-4F41-866B-E2D2EA6EF044}.Release|x86.ActiveCfg = Release|Any CPU
		{A60378E8-08A1-4F41-866B-E2D2EA6EF044}.Release|x86.Build.0 = Release|Any CPU
		{28F77BA6-47F3-4149-842B-34671C93D299}.Debug|Any CPU.ActiveCfg = Debug|Any CPU
		{28F77BA6-47F3-4149-842B-34671C93D299}.Debug|Any CPU.Build.0 = Debug|Any CPU
		{28F77BA6-47F3-4149-842B-34671C93D299}.Debug|x64.ActiveCfg = Debug|Any CPU
		{28F77BA6-47F3-4149-842B-34671C93D299}.Debug|x64.Build.0 = Debug|Any CPU
		{28F77BA6-47F3-4149-842B-34671C93D299}.Debug|x86.ActiveCfg = Debug|Any CPU
		{28F77BA6-47F3-4149-842B-34671C93D299}.Debug|x86.Build.0 = Debug|Any CPU
		{28F77BA6-47F3-4149-842B-34671C93D299}.Release|Any CPU.ActiveCfg = Release|Any CPU
		{28F77BA6-47F3-4149-842B-34671C93D299}.Release|Any CPU.Build.0 = Release|Any CPU
		{28F77BA6-47F3-4149-842B-34671C93D299}.Release|x64.ActiveCfg = Release|Any CPU
		{28F77BA6-47F3-4149-842B-34671C93D299}.Release|x64.Build.0 = Release|Any CPU
		{28F77BA6-47F3-4149-842B-34671C93D299}.Release|x86.ActiveCfg = Release|Any CPU
		{28F77BA6-47F3-4149-842B-34671C93D299}.Release|x86.Build.0 = Release|Any CPU
		{E00D3A14-E125-4ADB-AE42-D6B9957A5BEA}.Debug|Any CPU.ActiveCfg = Debug|Any CPU
		{E00D3A14-E125-4ADB-AE42-D6B9957A5BEA}.Debug|Any CPU.Build.0 = Debug|Any CPU
		{E00D3A14-E125-4ADB-AE42-D6B9957A5BEA}.Debug|x64.ActiveCfg = Debug|Any CPU
		{E00D3A14-E125-4ADB-AE42-D6B9957A5BEA}.Debug|x64.Build.0 = Debug|Any CPU
		{E00D3A14-E125-4ADB-AE42-D6B9957A5BEA}.Debug|x86.ActiveCfg = Debug|Any CPU
		{E00D3A14-E125-4ADB-AE42-D6B9957A5BEA}.Debug|x86.Build.0 = Debug|Any CPU
		{E00D3A14-E125-4ADB-AE42-D6B9957A5BEA}.Release|Any CPU.ActiveCfg = Release|Any CPU
		{E00D3A14-E125-4ADB-AE42-D6B9957A5BEA}.Release|Any CPU.Build.0 = Release|Any CPU
		{E00D3A14-E125-4ADB-AE42-D6B9957A5BEA}.Release|x64.ActiveCfg = Release|Any CPU
		{E00D3A14-E125-4ADB-AE42-D6B9957A5BEA}.Release|x64.Build.0 = Release|Any CPU
		{E00D3A14-E125-4ADB-AE42-D6B9957A5BEA}.Release|x86.ActiveCfg = Release|Any CPU
		{E00D3A14-E125-4ADB-AE42-D6B9957A5BEA}.Release|x86.Build.0 = Release|Any CPU
		{D9AA8664-9474-4F53-887C-D66F33A2CD9F}.Debug|Any CPU.ActiveCfg = Debug|Any CPU
		{D9AA8664-9474-4F53-887C-D66F33A2CD9F}.Debug|Any CPU.Build.0 = Debug|Any CPU
		{D9AA8664-9474-4F53-887C-D66F33A2CD9F}.Debug|x64.ActiveCfg = Debug|Any CPU
		{D9AA8664-9474-4F53-887C-D66F33A2CD9F}.Debug|x64.Build.0 = Debug|Any CPU
		{D9AA8664-9474-4F53-887C-D66F33A2CD9F}.Debug|x86.ActiveCfg = Debug|Any CPU
		{D9AA8664-9474-4F53-887C-D66F33A2CD9F}.Debug|x86.Build.0 = Debug|Any CPU
		{D9AA8664-9474-4F53-887C-D66F33A2CD9F}.Release|Any CPU.ActiveCfg = Release|Any CPU
		{D9AA8664-9474-4F53-887C-D66F33A2CD9F}.Release|Any CPU.Build.0 = Release|Any CPU
		{D9AA8664-9474-4F53-887C-D66F33A2CD9F}.Release|x64.ActiveCfg = Release|Any CPU
		{D9AA8664-9474-4F53-887C-D66F33A2CD9F}.Release|x64.Build.0 = Release|Any CPU
		{D9AA8664-9474-4F53-887C-D66F33A2CD9F}.Release|x86.ActiveCfg = Release|Any CPU
		{D9AA8664-9474-4F53-887C-D66F33A2CD9F}.Release|x86.Build.0 = Release|Any CPU
		{739336C5-9FE2-43DC-93B6-351CC7C5BB91}.Debug|Any CPU.ActiveCfg = Debug|Any CPU
		{739336C5-9FE2-43DC-93B6-351CC7C5BB91}.Debug|Any CPU.Build.0 = Debug|Any CPU
		{739336C5-9FE2-43DC-93B6-351CC7C5BB91}.Debug|x64.ActiveCfg = Debug|Any CPU
		{739336C5-9FE2-43DC-93B6-351CC7C5BB91}.Debug|x64.Build.0 = Debug|Any CPU
		{739336C5-9FE2-43DC-93B6-351CC7C5BB91}.Debug|x86.ActiveCfg = Debug|Any CPU
		{739336C5-9FE2-43DC-93B6-351CC7C5BB91}.Debug|x86.Build.0 = Debug|Any CPU
		{739336C5-9FE2-43DC-93B6-351CC7C5BB91}.Release|Any CPU.ActiveCfg = Release|Any CPU
		{739336C5-9FE2-43DC-93B6-351CC7C5BB91}.Release|Any CPU.Build.0 = Release|Any CPU
		{739336C5-9FE2-43DC-93B6-351CC7C5BB91}.Release|x64.ActiveCfg = Release|Any CPU
		{739336C5-9FE2-43DC-93B6-351CC7C5BB91}.Release|x64.Build.0 = Release|Any CPU
		{739336C5-9FE2-43DC-93B6-351CC7C5BB91}.Release|x86.ActiveCfg = Release|Any CPU
		{739336C5-9FE2-43DC-93B6-351CC7C5BB91}.Release|x86.Build.0 = Release|Any CPU
		{3645BFCD-37B6-44C3-834D-B0A684465CD3}.Debug|Any CPU.ActiveCfg = Debug|Any CPU
		{3645BFCD-37B6-44C3-834D-B0A684465CD3}.Debug|Any CPU.Build.0 = Debug|Any CPU
		{3645BFCD-37B6-44C3-834D-B0A684465CD3}.Debug|x64.ActiveCfg = Debug|Any CPU
		{3645BFCD-37B6-44C3-834D-B0A684465CD3}.Debug|x64.Build.0 = Debug|Any CPU
		{3645BFCD-37B6-44C3-834D-B0A684465CD3}.Debug|x86.ActiveCfg = Debug|Any CPU
		{3645BFCD-37B6-44C3-834D-B0A684465CD3}.Debug|x86.Build.0 = Debug|Any CPU
		{3645BFCD-37B6-44C3-834D-B0A684465CD3}.Release|Any CPU.ActiveCfg = Release|Any CPU
		{3645BFCD-37B6-44C3-834D-B0A684465CD3}.Release|Any CPU.Build.0 = Release|Any CPU
		{3645BFCD-37B6-44C3-834D-B0A684465CD3}.Release|x64.ActiveCfg = Release|Any CPU
		{3645BFCD-37B6-44C3-834D-B0A684465CD3}.Release|x64.Build.0 = Release|Any CPU
		{3645BFCD-37B6-44C3-834D-B0A684465CD3}.Release|x86.ActiveCfg = Release|Any CPU
		{3645BFCD-37B6-44C3-834D-B0A684465CD3}.Release|x86.Build.0 = Release|Any CPU
		{14BED788-3AF3-4038-AE4A-CD8DBFC1D38E}.Debug|Any CPU.ActiveCfg = Debug|Any CPU
		{14BED788-3AF3-4038-AE4A-CD8DBFC1D38E}.Debug|Any CPU.Build.0 = Debug|Any CPU
		{14BED788-3AF3-4038-AE4A-CD8DBFC1D38E}.Debug|x64.ActiveCfg = Debug|Any CPU
		{14BED788-3AF3-4038-AE4A-CD8DBFC1D38E}.Debug|x64.Build.0 = Debug|Any CPU
		{14BED788-3AF3-4038-AE4A-CD8DBFC1D38E}.Debug|x86.ActiveCfg = Debug|Any CPU
		{14BED788-3AF3-4038-AE4A-CD8DBFC1D38E}.Debug|x86.Build.0 = Debug|Any CPU
		{14BED788-3AF3-4038-AE4A-CD8DBFC1D38E}.Release|Any CPU.ActiveCfg = Release|Any CPU
		{14BED788-3AF3-4038-AE4A-CD8DBFC1D38E}.Release|Any CPU.Build.0 = Release|Any CPU
		{14BED788-3AF3-4038-AE4A-CD8DBFC1D38E}.Release|x64.ActiveCfg = Release|Any CPU
		{14BED788-3AF3-4038-AE4A-CD8DBFC1D38E}.Release|x64.Build.0 = Release|Any CPU
		{14BED788-3AF3-4038-AE4A-CD8DBFC1D38E}.Release|x86.ActiveCfg = Release|Any CPU
		{14BED788-3AF3-4038-AE4A-CD8DBFC1D38E}.Release|x86.Build.0 = Release|Any CPU
	EndGlobalSection
	GlobalSection(SolutionProperties) = preSolution
		HideSolutionNode = FALSE
	EndGlobalSection
	GlobalSection(NestedProjects) = preSolution
		{3E703331-5C9D-4218-9DDA-FB25F0676376} = {827E0CD3-B72D-47B6-A68D-7590B98EB39B}
		{E9453DA9-76BD-42BC-B27B-6BA015A8E7CB} = {827E0CD3-B72D-47B6-A68D-7590B98EB39B}
		{DE954DA8-45C5-4A1F-86A1-41445DEC8F56} = {827E0CD3-B72D-47B6-A68D-7590B98EB39B}
		{48525E2F-2853-484E-9D1E-18822391A55A} = {827E0CD3-B72D-47B6-A68D-7590B98EB39B}
		{90486CF0-8D1F-45E4-8F1D-F82EC8E205C1} = {827E0CD3-B72D-47B6-A68D-7590B98EB39B}
		{D5CA2A27-1BFB-405E-909D-1B17163FFD92} = {827E0CD3-B72D-47B6-A68D-7590B98EB39B}
		{7C718813-A8C7-4D6F-8C4F-DB96859983CA} = {827E0CD3-B72D-47B6-A68D-7590B98EB39B}
		{9B7E2520-C141-4E67-AEF9-E60D668C1364} = {827E0CD3-B72D-47B6-A68D-7590B98EB39B}
		{DD172353-6974-42A8-8E7B-A03A0B618BFA} = {827E0CD3-B72D-47B6-A68D-7590B98EB39B}
		{A60378E8-08A1-4F41-866B-E2D2EA6EF044} = {827E0CD3-B72D-47B6-A68D-7590B98EB39B}
		{28F77BA6-47F3-4149-842B-34671C93D299} = {827E0CD3-B72D-47B6-A68D-7590B98EB39B}
		{E00D3A14-E125-4ADB-AE42-D6B9957A5BEA} = {827E0CD3-B72D-47B6-A68D-7590B98EB39B}
		{D9AA8664-9474-4F53-887C-D66F33A2CD9F} = {827E0CD3-B72D-47B6-A68D-7590B98EB39B}
		{739336C5-9FE2-43DC-93B6-351CC7C5BB91} = {827E0CD3-B72D-47B6-A68D-7590B98EB39B}
		{3645BFCD-37B6-44C3-834D-B0A684465CD3} = {827E0CD3-B72D-47B6-A68D-7590B98EB39B}
		{14BED788-3AF3-4038-AE4A-CD8DBFC1D38E} = {827E0CD3-B72D-47B6-A68D-7590B98EB39B}
	EndGlobalSection
EndGlobal
